
Microsoft Visual Studio Solution File, Format Version 12.00
# Visual Studio Version 16
VisualStudioVersion = 16.0.29519.181
MinimumVisualStudioVersion = 10.0.40219.1
Project("{FAE04EC0-301F-11D3-BF4B-00C04F79EFBC}") = "CQSPROJ", "CQSPROJ\CQSPROJ.csproj", "{5CA6B02E-F28D-4C60-A341-40AB909A7B3B}"
EndProject
Global
	GlobalSection(SolutionConfigurationPlatforms) = preSolution
		Debug|Any CPU = Debug|Any CPU
		Release|Any CPU = Release|Any CPU
	EndGlobalSection
	GlobalSection(ProjectConfigurationPlatforms) = postSolution
		{5CA6B02E-F28D-4C60-A341-40AB909A7B3B}.Debug|Any CPU.ActiveCfg = Debug|Any CPU
		{5CA6B02E-F28D-4C60-A341-40AB909A7B3B}.Debug|Any CPU.Build.0 = Debug|Any CPU
		{5CA6B02E-F28D-4C60-A341-40AB909A7B3B}.Release|Any CPU.ActiveCfg = Release|Any CPU
		{5CA6B02E-F28D-4C60-A341-40AB909A7B3B}.Release|Any CPU.Build.0 = Release|Any CPU
	EndGlobalSection
	GlobalSection(SolutionProperties) = preSolution
		HideSolutionNode = FALSE
	EndGlobalSection
	GlobalSection(ExtensibilityGlobals) = postSolution
		SolutionGuid = {F10FE3CD-BEDF-43AA-B263-75CC30BEEB1D}
	EndGlobalSection
EndGlobal
